// !$*UTF8*$!
{
	archiveVersion = 1;
	classes = {
	};
	objectVersion = 55;
	objects = {

/* Begin PBXBuildFile section */
		7B1E415127F2F17F00079E1A /* BackButton.swift in Sources */ = {isa = PBXBuildFile; fileRef = 7B1E415027F2F17F00079E1A /* BackButton.swift */; };
		7B1E415427F2FD4D00079E1A /* FavList.swift in Sources */ = {isa = PBXBuildFile; fileRef = 7B1E415327F2FD4D00079E1A /* FavList.swift */; };
		7B37A06D27EB343E006CD03A /* RecyclappApp.swift in Sources */ = {isa = PBXBuildFile; fileRef = 7B37A06C27EB343E006CD03A /* RecyclappApp.swift */; };
		7B37A06F27EB343E006CD03A /* ContentView.swift in Sources */ = {isa = PBXBuildFile; fileRef = 7B37A06E27EB343E006CD03A /* ContentView.swift */; };
		7B37A07127EB343F006CD03A /* Assets.xcassets in Resources */ = {isa = PBXBuildFile; fileRef = 7B37A07027EB343F006CD03A /* Assets.xcassets */; };
		7B37A07427EB343F006CD03A /* Preview Assets.xcassets in Resources */ = {isa = PBXBuildFile; fileRef = 7B37A07327EB343F006CD03A /* Preview Assets.xcassets */; };
		7B5504EF27F1B28D00709BB4 /* CameraService.swift in Sources */ = {isa = PBXBuildFile; fileRef = 7B5504EE27F1B28D00709BB4 /* CameraService.swift */; };
		7B5504F127F1B29200709BB4 /* CamView.swift in Sources */ = {isa = PBXBuildFile; fileRef = 7B5504F027F1B29200709BB4 /* CamView.swift */; };
		7B5504F327F1B29500709BB4 /* ClassifierCoreML.swift in Sources */ = {isa = PBXBuildFile; fileRef = 7B5504F227F1B29500709BB4 /* ClassifierCoreML.swift */; };
		7B5504F727F1B29800709BB4 /* ImageClassifier.swift in Sources */ = {isa = PBXBuildFile; fileRef = 7B5504F627F1B29800709BB4 /* ImageClassifier.swift */; };
		7B5504FB27F1B2A200709BB4 /* DescriptionView.swift in Sources */ = {isa = PBXBuildFile; fileRef = 7B5504FA27F1B2A200709BB4 /* DescriptionView.swift */; };
		7B5504FD27F1B2A400709BB4 /* PreviewImage.swift in Sources */ = {isa = PBXBuildFile; fileRef = 7B5504FC27F1B2A400709BB4 /* PreviewImage.swift */; };
		7B5504FF27F1B2A600709BB4 /* ProfileView.swift in Sources */ = {isa = PBXBuildFile; fileRef = 7B5504FE27F1B2A600709BB4 /* ProfileView.swift */; };
		7B55050127F1B2B700709BB4 /* CustomCameraView.swift in Sources */ = {isa = PBXBuildFile; fileRef = 7B55050027F1B2B700709BB4 /* CustomCameraView.swift */; };
		7B55050327F1B2BA00709BB4 /* DescriptionCardComp.swift in Sources */ = {isa = PBXBuildFile; fileRef = 7B55050227F1B2BA00709BB4 /* DescriptionCardComp.swift */; };
		7B55050527F1B2BB00709BB4 /* PageProfileModal.swift in Sources */ = {isa = PBXBuildFile; fileRef = 7B55050427F1B2BB00709BB4 /* PageProfileModal.swift */; };
		7B55050927F1B2BF00709BB4 /* ProfileComp.swift in Sources */ = {isa = PBXBuildFile; fileRef = 7B55050827F1B2BF00709BB4 /* ProfileComp.swift */; };
		7B55050D27F1B3D800709BB4 /* CameraView.swift in Sources */ = {isa = PBXBuildFile; fileRef = 7B55050C27F1B3D800709BB4 /* CameraView.swift */; };
		7B55051827F1BC4F00709BB4 /* Resnet50.mlmodel in Sources */ = {isa = PBXBuildFile; fileRef = 7B55051727F1BC4F00709BB4 /* Resnet50.mlmodel */; };
		7B9BD81927F344FB0003EA8A /* AdresseData.swift in Sources */ = {isa = PBXBuildFile; fileRef = 7B9BD81227F344FB0003EA8A /* AdresseData.swift */; };
		7B9BD81A27F344FB0003EA8A /* affichageDistance.swift in Sources */ = {isa = PBXBuildFile; fileRef = 7B9BD81327F344FB0003EA8A /* affichageDistance.swift */; };
		7B9BD81B27F344FB0003EA8A /* formatNum.swift in Sources */ = {isa = PBXBuildFile; fileRef = 7B9BD81427F344FB0003EA8A /* formatNum.swift */; };
		7B9BD81C27F344FB0003EA8A /* listeAdresses.swift in Sources */ = {isa = PBXBuildFile; fileRef = 7B9BD81527F344FB0003EA8A /* listeAdresses.swift */; };
		7B9BD81D27F344FB0003EA8A /* donneesPartagees.swift in Sources */ = {isa = PBXBuildFile; fileRef = 7B9BD81627F344FB0003EA8A /* donneesPartagees.swift */; };
		7B9BD81E27F344FB0003EA8A /* formatageBouton.swift in Sources */ = {isa = PBXBuildFile; fileRef = 7B9BD81727F344FB0003EA8A /* formatageBouton.swift */; };
		7B9BD81F27F344FB0003EA8A /* triDistanceCroissante.swift in Sources */ = {isa = PBXBuildFile; fileRef = 7B9BD81827F344FB0003EA8A /* triDistanceCroissante.swift */; };
		7B9BD82427F346550003EA8A /* Geolocalisation.swift in Sources */ = {isa = PBXBuildFile; fileRef = 7B9BD82327F346550003EA8A /* Geolocalisation.swift */; };
		7B9BD82627F3477E0003EA8A /* DetailAdresses.swift in Sources */ = {isa = PBXBuildFile; fileRef = 7B9BD82527F3477E0003EA8A /* DetailAdresses.swift */; };
		7B9BD82927F347980003EA8A /* ListeAdressesTrouvées.swift in Sources */ = {isa = PBXBuildFile; fileRef = 7B9BD82827F347980003EA8A /* ListeAdressesTrouvées.swift */; };
		7B9BD82B27F347BA0003EA8A /* AdresseCliquable.swift in Sources */ = {isa = PBXBuildFile; fileRef = 7B9BD82A27F347BA0003EA8A /* AdresseCliquable.swift */; };
		7BFB89B727F45C3100A21811 /* ColorPicker.swift in Sources */ = {isa = PBXBuildFile; fileRef = 7BFB89B627F45C3100A21811 /* ColorPicker.swift */; };
		7BFB89B927F48EC700A21811 /* Preloader.swift in Sources */ = {isa = PBXBuildFile; fileRef = 7BFB89B827F48EC700A21811 /* Preloader.swift */; };
		7BFB89BB27F4D04700A21811 /* NotFoundComp.swift in Sources */ = {isa = PBXBuildFile; fileRef = 7BFB89BA27F4D04700A21811 /* NotFoundComp.swift */; };
/* End PBXBuildFile section */

/* Begin PBXFileReference section */
		7B1E415027F2F17F00079E1A /* BackButton.swift */ = {isa = PBXFileReference; lastKnownFileType = sourcecode.swift; path = BackButton.swift; sourceTree = "<group>"; };
		7B1E415327F2FD4D00079E1A /* FavList.swift */ = {isa = PBXFileReference; lastKnownFileType = sourcecode.swift; path = FavList.swift; sourceTree = "<group>"; };
		7B37A06927EB343E006CD03A /* Recyclapp.app */ = {isa = PBXFileReference; explicitFileType = wrapper.application; includeInIndex = 0; path = Recyclapp.app; sourceTree = BUILT_PRODUCTS_DIR; };
		7B37A06C27EB343E006CD03A /* RecyclappApp.swift */ = {isa = PBXFileReference; lastKnownFileType = sourcecode.swift; path = RecyclappApp.swift; sourceTree = "<group>"; };
		7B37A06E27EB343E006CD03A /* ContentView.swift */ = {isa = PBXFileReference; lastKnownFileType = sourcecode.swift; path = ContentView.swift; sourceTree = "<group>"; };
		7B37A07027EB343F006CD03A /* Assets.xcassets */ = {isa = PBXFileReference; lastKnownFileType = folder.assetcatalog; path = Assets.xcassets; sourceTree = "<group>"; };
		7B37A07327EB343F006CD03A /* Preview Assets.xcassets */ = {isa = PBXFileReference; lastKnownFileType = folder.assetcatalog; path = "Preview Assets.xcassets"; sourceTree = "<group>"; };
		7B5504EE27F1B28D00709BB4 /* CameraService.swift */ = {isa = PBXFileReference; lastKnownFileType = sourcecode.swift; path = CameraService.swift; sourceTree = "<group>"; };
		7B5504F027F1B29200709BB4 /* CamView.swift */ = {isa = PBXFileReference; lastKnownFileType = sourcecode.swift; path = CamView.swift; sourceTree = "<group>"; };
		7B5504F227F1B29500709BB4 /* ClassifierCoreML.swift */ = {isa = PBXFileReference; lastKnownFileType = sourcecode.swift; path = ClassifierCoreML.swift; sourceTree = "<group>"; };
		7B5504F627F1B29800709BB4 /* ImageClassifier.swift */ = {isa = PBXFileReference; lastKnownFileType = sourcecode.swift; path = ImageClassifier.swift; sourceTree = "<group>"; };
		7B5504FA27F1B2A200709BB4 /* DescriptionView.swift */ = {isa = PBXFileReference; lastKnownFileType = sourcecode.swift; path = DescriptionView.swift; sourceTree = "<group>"; };
		7B5504FC27F1B2A400709BB4 /* PreviewImage.swift */ = {isa = PBXFileReference; lastKnownFileType = sourcecode.swift; path = PreviewImage.swift; sourceTree = "<group>"; };
		7B5504FE27F1B2A600709BB4 /* ProfileView.swift */ = {isa = PBXFileReference; lastKnownFileType = sourcecode.swift; path = ProfileView.swift; sourceTree = "<group>"; };
		7B55050027F1B2B700709BB4 /* CustomCameraView.swift */ = {isa = PBXFileReference; lastKnownFileType = sourcecode.swift; path = CustomCameraView.swift; sourceTree = "<group>"; };
		7B55050227F1B2BA00709BB4 /* DescriptionCardComp.swift */ = {isa = PBXFileReference; lastKnownFileType = sourcecode.swift; path = DescriptionCardComp.swift; sourceTree = "<group>"; };
		7B55050427F1B2BB00709BB4 /* PageProfileModal.swift */ = {isa = PBXFileReference; lastKnownFileType = sourcecode.swift; path = PageProfileModal.swift; sourceTree = "<group>"; };
		7B55050827F1B2BF00709BB4 /* ProfileComp.swift */ = {isa = PBXFileReference; lastKnownFileType = sourcecode.swift; path = ProfileComp.swift; sourceTree = "<group>"; };
		7B55050C27F1B3D800709BB4 /* CameraView.swift */ = {isa = PBXFileReference; lastKnownFileType = sourcecode.swift; path = CameraView.swift; sourceTree = "<group>"; };
		7B55051727F1BC4F00709BB4 /* Resnet50.mlmodel */ = {isa = PBXFileReference; lastKnownFileType = file.mlmodel; path = Resnet50.mlmodel; sourceTree = "<group>"; };
		7B9BD81227F344FB0003EA8A /* AdresseData.swift */ = {isa = PBXFileReference; fileEncoding = 4; lastKnownFileType = sourcecode.swift; path = AdresseData.swift; sourceTree = "<group>"; };
		7B9BD81327F344FB0003EA8A /* affichageDistance.swift */ = {isa = PBXFileReference; fileEncoding = 4; lastKnownFileType = sourcecode.swift; path = affichageDistance.swift; sourceTree = "<group>"; };
		7B9BD81427F344FB0003EA8A /* formatNum.swift */ = {isa = PBXFileReference; fileEncoding = 4; lastKnownFileType = sourcecode.swift; path = formatNum.swift; sourceTree = "<group>"; };
		7B9BD81527F344FB0003EA8A /* listeAdresses.swift */ = {isa = PBXFileReference; fileEncoding = 4; lastKnownFileType = sourcecode.swift; path = listeAdresses.swift; sourceTree = "<group>"; };
		7B9BD81627F344FB0003EA8A /* donneesPartagees.swift */ = {isa = PBXFileReference; fileEncoding = 4; lastKnownFileType = sourcecode.swift; path = donneesPartagees.swift; sourceTree = "<group>"; };
		7B9BD81727F344FB0003EA8A /* formatageBouton.swift */ = {isa = PBXFileReference; fileEncoding = 4; lastKnownFileType = sourcecode.swift; path = formatageBouton.swift; sourceTree = "<group>"; };
		7B9BD81827F344FB0003EA8A /* triDistanceCroissante.swift */ = {isa = PBXFileReference; fileEncoding = 4; lastKnownFileType = sourcecode.swift; path = triDistanceCroissante.swift; sourceTree = "<group>"; };
		7B9BD82327F346550003EA8A /* Geolocalisation.swift */ = {isa = PBXFileReference; lastKnownFileType = sourcecode.swift; path = Geolocalisation.swift; sourceTree = "<group>"; };
		7B9BD82527F3477E0003EA8A /* DetailAdresses.swift */ = {isa = PBXFileReference; lastKnownFileType = sourcecode.swift; path = DetailAdresses.swift; sourceTree = "<group>"; };
		7B9BD82827F347980003EA8A /* ListeAdressesTrouvées.swift */ = {isa = PBXFileReference; lastKnownFileType = sourcecode.swift; path = "ListeAdressesTrouvées.swift"; sourceTree = "<group>"; };
		7B9BD82A27F347BA0003EA8A /* AdresseCliquable.swift */ = {isa = PBXFileReference; lastKnownFileType = sourcecode.swift; path = AdresseCliquable.swift; sourceTree = "<group>"; };
		7BFB89B627F45C3100A21811 /* ColorPicker.swift */ = {isa = PBXFileReference; lastKnownFileType = sourcecode.swift; path = ColorPicker.swift; sourceTree = "<group>"; };
		7BFB89B827F48EC700A21811 /* Preloader.swift */ = {isa = PBXFileReference; lastKnownFileType = sourcecode.swift; path = Preloader.swift; sourceTree = "<group>"; };
		7BFB89BA27F4D04700A21811 /* NotFoundComp.swift */ = {isa = PBXFileReference; lastKnownFileType = sourcecode.swift; path = NotFoundComp.swift; sourceTree = "<group>"; };
/* End PBXFileReference section */

/* Begin PBXFrameworksBuildPhase section */
		7B37A06627EB343E006CD03A /* Frameworks */ = {
			isa = PBXFrameworksBuildPhase;
			buildActionMask = 2147483647;
			files = (
			);
			runOnlyForDeploymentPostprocessing = 0;
		};
/* End PBXFrameworksBuildPhase section */

/* Begin PBXGroup section */
		7B1E414F27F2F17100079E1A /* Commun */ = {
			isa = PBXGroup;
			children = (
				7B1E415027F2F17F00079E1A /* BackButton.swift */,
			);
			path = Commun;
			sourceTree = "<group>";
		};
		7B37A06027EB343E006CD03A = {
			isa = PBXGroup;
			children = (
				7B37A06B27EB343E006CD03A /* Recyclapp */,
				7B37A06A27EB343E006CD03A /* Products */,
			);
			sourceTree = "<group>";
		};
		7B37A06A27EB343E006CD03A /* Products */ = {
			isa = PBXGroup;
			children = (
				7B37A06927EB343E006CD03A /* Recyclapp.app */,
			);
			name = Products;
			sourceTree = "<group>";
		};
		7B37A06B27EB343E006CD03A /* Recyclapp */ = {
			isa = PBXGroup;
			children = (
				7B55051627F1BC2900709BB4 /* Structures */,
				7B55051427F1BC0800709BB4 /* AIModel */,
				7B55051327F1BBEE00709BB4 /* Services */,
				7B55050F27F1BB7F00709BB4 /* Components */,
				7B55050E27F1BB4000709BB4 /* Pages */,
				7B37A06C27EB343E006CD03A /* RecyclappApp.swift */,
				7B37A06E27EB343E006CD03A /* ContentView.swift */,
				7B37A07027EB343F006CD03A /* Assets.xcassets */,
				7B37A07227EB343F006CD03A /* Preview Content */,
			);
			path = Recyclapp;
			sourceTree = "<group>";
		};
		7B37A07227EB343F006CD03A /* Preview Content */ = {
			isa = PBXGroup;
			children = (
				7B37A07327EB343F006CD03A /* Preview Assets.xcassets */,
			);
			path = "Preview Content";
			sourceTree = "<group>";
		};
		7B55050E27F1BB4000709BB4 /* Pages */ = {
			isa = PBXGroup;
			children = (
				7B55050C27F1B3D800709BB4 /* CameraView.swift */,
				7B5504FA27F1B2A200709BB4 /* DescriptionView.swift */,
				7B5504FC27F1B2A400709BB4 /* PreviewImage.swift */,
				7B5504FE27F1B2A600709BB4 /* ProfileView.swift */,
				7BFB89B827F48EC700A21811 /* Preloader.swift */,
			);
			path = Pages;
			sourceTree = "<group>";
		};
		7B55050F27F1BB7F00709BB4 /* Components */ = {
			isa = PBXGroup;
			children = (
				7B1E414F27F2F17100079E1A /* Commun */,
				7B55051227F1BBD200709BB4 /* DescriptionPage */,
				7B55051127F1BBAA00709BB4 /* CameraPage */,
				7B55051027F1BB8800709BB4 /* ProfilePage */,
			);
			path = Components;
			sourceTree = "<group>";
		};
		7B55051027F1BB8800709BB4 /* ProfilePage */ = {
			isa = PBXGroup;
			children = (
				7B55050827F1B2BF00709BB4 /* ProfileComp.swift */,
				7B55050427F1B2BB00709BB4 /* PageProfileModal.swift */,
				7B1E415327F2FD4D00079E1A /* FavList.swift */,
				7BFB89B627F45C3100A21811 /* ColorPicker.swift */,
			);
			path = ProfilePage;
			sourceTree = "<group>";
		};
		7B55051127F1BBAA00709BB4 /* CameraPage */ = {
			isa = PBXGroup;
			children = (
				7B55050027F1B2B700709BB4 /* CustomCameraView.swift */,
			);
			path = CameraPage;
			sourceTree = "<group>";
		};
		7B55051227F1BBD200709BB4 /* DescriptionPage */ = {
			isa = PBXGroup;
			children = (
				7B55050227F1B2BA00709BB4 /* DescriptionCardComp.swift */,
				7B9BD82527F3477E0003EA8A /* DetailAdresses.swift */,
				7B9BD82827F347980003EA8A /* ListeAdressesTrouvées.swift */,
				7B9BD82A27F347BA0003EA8A /* AdresseCliquable.swift */,
				7BFB89BA27F4D04700A21811 /* NotFoundComp.swift */,
			);
			path = DescriptionPage;
			sourceTree = "<group>";
		};
		7B55051327F1BBEE00709BB4 /* Services */ = {
			isa = PBXGroup;
			children = (
				7B9BD82227F345300003EA8A /* Utilities */,
				7B9BD82127F345220003EA8A /* CoreML */,
				7B9BD82027F345140003EA8A /* Camera */,
			);
			path = Services;
			sourceTree = "<group>";
		};
		7B55051427F1BC0800709BB4 /* AIModel */ = {
			isa = PBXGroup;
			children = (
				7B55051727F1BC4F00709BB4 /* Resnet50.mlmodel */,
			);
			path = AIModel;
			sourceTree = "<group>";
		};
		7B55051627F1BC2900709BB4 /* Structures */ = {
			isa = PBXGroup;
			children = (
				7B9BD81227F344FB0003EA8A /* AdresseData.swift */,
				7B9BD81627F344FB0003EA8A /* donneesPartagees.swift */,
				7B9BD81527F344FB0003EA8A /* listeAdresses.swift */,
			);
			path = Structures;
			sourceTree = "<group>";
		};
		7B9BD82027F345140003EA8A /* Camera */ = {
			isa = PBXGroup;
			children = (
				7B5504F027F1B29200709BB4 /* CamView.swift */,
				7B5504EE27F1B28D00709BB4 /* CameraService.swift */,
			);
			path = Camera;
			sourceTree = "<group>";
		};
		7B9BD82127F345220003EA8A /* CoreML */ = {
			isa = PBXGroup;
			children = (
				7B5504F627F1B29800709BB4 /* ImageClassifier.swift */,
				7B5504F227F1B29500709BB4 /* ClassifierCoreML.swift */,
			);
			path = CoreML;
			sourceTree = "<group>";
		};
		7B9BD82227F345300003EA8A /* Utilities */ = {
			isa = PBXGroup;
			children = (
				7B9BD81727F344FB0003EA8A /* formatageBouton.swift */,
				7B9BD81827F344FB0003EA8A /* triDistanceCroissante.swift */,
				7B9BD81427F344FB0003EA8A /* formatNum.swift */,
				7B9BD81327F344FB0003EA8A /* affichageDistance.swift */,
				7B9BD82327F346550003EA8A /* Geolocalisation.swift */,
			);
			path = Utilities;
			sourceTree = "<group>";
		};
/* End PBXGroup section */

/* Begin PBXNativeTarget section */
		7B37A06827EB343E006CD03A /* Recyclapp */ = {
			isa = PBXNativeTarget;
			buildConfigurationList = 7B37A07727EB343F006CD03A /* Build configuration list for PBXNativeTarget "Recyclapp" */;
			buildPhases = (
				7B37A06527EB343E006CD03A /* Sources */,
				7B37A06627EB343E006CD03A /* Frameworks */,
				7B37A06727EB343E006CD03A /* Resources */,
			);
			buildRules = (
			);
			dependencies = (
			);
			name = Recyclapp;
			productName = Recyclapp;
			productReference = 7B37A06927EB343E006CD03A /* Recyclapp.app */;
			productType = "com.apple.product-type.application";
		};
/* End PBXNativeTarget section */

/* Begin PBXProject section */
		7B37A06127EB343E006CD03A /* Project object */ = {
			isa = PBXProject;
			attributes = {
				BuildIndependentTargetsInParallel = 1;
				LastSwiftUpdateCheck = 1330;
				LastUpgradeCheck = 1330;
				TargetAttributes = {
					7B37A06827EB343E006CD03A = {
						CreatedOnToolsVersion = 13.3;
					};
				};
			};
			buildConfigurationList = 7B37A06427EB343E006CD03A /* Build configuration list for PBXProject "Recyclapp" */;
			compatibilityVersion = "Xcode 13.0";
			developmentRegion = en;
			hasScannedForEncodings = 0;
			knownRegions = (
				en,
				Base,
			);
			mainGroup = 7B37A06027EB343E006CD03A;
			productRefGroup = 7B37A06A27EB343E006CD03A /* Products */;
			projectDirPath = "";
			projectRoot = "";
			targets = (
				7B37A06827EB343E006CD03A /* Recyclapp */,
			);
		};
/* End PBXProject section */

/* Begin PBXResourcesBuildPhase section */
		7B37A06727EB343E006CD03A /* Resources */ = {
			isa = PBXResourcesBuildPhase;
			buildActionMask = 2147483647;
			files = (
				7B37A07427EB343F006CD03A /* Preview Assets.xcassets in Resources */,
				7B37A07127EB343F006CD03A /* Assets.xcassets in Resources */,
			);
			runOnlyForDeploymentPostprocessing = 0;
		};
/* End PBXResourcesBuildPhase section */

/* Begin PBXSourcesBuildPhase section */
		7B37A06527EB343E006CD03A /* Sources */ = {
			isa = PBXSourcesBuildPhase;
			buildActionMask = 2147483647;
			files = (
				7B55050327F1B2BA00709BB4 /* DescriptionCardComp.swift in Sources */,
				7BFB89B727F45C3100A21811 /* ColorPicker.swift in Sources */,
				7B5504F127F1B29200709BB4 /* CamView.swift in Sources */,
				7BFB89BB27F4D04700A21811 /* NotFoundComp.swift in Sources */,
				7B9BD81A27F344FB0003EA8A /* affichageDistance.swift in Sources */,
				7B9BD81B27F344FB0003EA8A /* formatNum.swift in Sources */,
				7B5504FD27F1B2A400709BB4 /* PreviewImage.swift in Sources */,
				7B37A06F27EB343E006CD03A /* ContentView.swift in Sources */,
				7B55051827F1BC4F00709BB4 /* Resnet50.mlmodel in Sources */,
				7B9BD81927F344FB0003EA8A /* AdresseData.swift in Sources */,
				7B9BD82927F347980003EA8A /* ListeAdressesTrouvées.swift in Sources */,
				7B9BD81D27F344FB0003EA8A /* donneesPartagees.swift in Sources */,
				7B9BD81C27F344FB0003EA8A /* listeAdresses.swift in Sources */,
				7B55050127F1B2B700709BB4 /* CustomCameraView.swift in Sources */,
				7B55050527F1B2BB00709BB4 /* PageProfileModal.swift in Sources */,
				7B9BD81E27F344FB0003EA8A /* formatageBouton.swift in Sources */,
				7B9BD81F27F344FB0003EA8A /* triDistanceCroissante.swift in Sources */,
				7B5504FB27F1B2A200709BB4 /* DescriptionView.swift in Sources */,
				7B5504F327F1B29500709BB4 /* ClassifierCoreML.swift in Sources */,
				7B37A06D27EB343E006CD03A /* RecyclappApp.swift in Sources */,
				7B9BD82B27F347BA0003EA8A /* AdresseCliquable.swift in Sources */,
				7B55050D27F1B3D800709BB4 /* CameraView.swift in Sources */,
				7B9BD82427F346550003EA8A /* Geolocalisation.swift in Sources */,
				7BFB89B927F48EC700A21811 /* Preloader.swift in Sources */,
				7B5504F727F1B29800709BB4 /* ImageClassifier.swift in Sources */,
				7B1E415127F2F17F00079E1A /* BackButton.swift in Sources */,
				7B55050927F1B2BF00709BB4 /* ProfileComp.swift in Sources */,
				7B9BD82627F3477E0003EA8A /* DetailAdresses.swift in Sources */,
				7B5504EF27F1B28D00709BB4 /* CameraService.swift in Sources */,
				7B5504FF27F1B2A600709BB4 /* ProfileView.swift in Sources */,
				7B1E415427F2FD4D00079E1A /* FavList.swift in Sources */,
			);
			runOnlyForDeploymentPostprocessing = 0;
		};
/* End PBXSourcesBuildPhase section */

/* Begin XCBuildConfiguration section */
		7B37A07527EB343F006CD03A /* Debug */ = {
			isa = XCBuildConfiguration;
			buildSettings = {
				ALWAYS_SEARCH_USER_PATHS = NO;
				CLANG_ANALYZER_NONNULL = YES;
				CLANG_ANALYZER_NUMBER_OBJECT_CONVERSION = YES_AGGRESSIVE;
				CLANG_CXX_LANGUAGE_STANDARD = "gnu++17";
				CLANG_ENABLE_MODULES = YES;
				CLANG_ENABLE_OBJC_ARC = YES;
				CLANG_ENABLE_OBJC_WEAK = YES;
				CLANG_WARN_BLOCK_CAPTURE_AUTORELEASING = YES;
				CLANG_WARN_BOOL_CONVERSION = YES;
				CLANG_WARN_COMMA = YES;
				CLANG_WARN_CONSTANT_CONVERSION = YES;
				CLANG_WARN_DEPRECATED_OBJC_IMPLEMENTATIONS = YES;
				CLANG_WARN_DIRECT_OBJC_ISA_USAGE = YES_ERROR;
				CLANG_WARN_DOCUMENTATION_COMMENTS = YES;
				CLANG_WARN_EMPTY_BODY = YES;
				CLANG_WARN_ENUM_CONVERSION = YES;
				CLANG_WARN_INFINITE_RECURSION = YES;
				CLANG_WARN_INT_CONVERSION = YES;
				CLANG_WARN_NON_LITERAL_NULL_CONVERSION = YES;
				CLANG_WARN_OBJC_IMPLICIT_RETAIN_SELF = YES;
				CLANG_WARN_OBJC_LITERAL_CONVERSION = YES;
				CLANG_WARN_OBJC_ROOT_CLASS = YES_ERROR;
				CLANG_WARN_QUOTED_INCLUDE_IN_FRAMEWORK_HEADER = YES;
				CLANG_WARN_RANGE_LOOP_ANALYSIS = YES;
				CLANG_WARN_STRICT_PROTOTYPES = YES;
				CLANG_WARN_SUSPICIOUS_MOVE = YES;
				CLANG_WARN_UNGUARDED_AVAILABILITY = YES_AGGRESSIVE;
				CLANG_WARN_UNREACHABLE_CODE = YES;
				CLANG_WARN__DUPLICATE_METHOD_MATCH = YES;
				COPY_PHASE_STRIP = NO;
				DEBUG_INFORMATION_FORMAT = dwarf;
				ENABLE_STRICT_OBJC_MSGSEND = YES;
				ENABLE_TESTABILITY = YES;
				GCC_C_LANGUAGE_STANDARD = gnu11;
				GCC_DYNAMIC_NO_PIC = NO;
				GCC_NO_COMMON_BLOCKS = YES;
				GCC_OPTIMIZATION_LEVEL = 0;
				GCC_PREPROCESSOR_DEFINITIONS = (
					"DEBUG=1",
					"$(inherited)",
				);
				GCC_WARN_64_TO_32_BIT_CONVERSION = YES;
				GCC_WARN_ABOUT_RETURN_TYPE = YES_ERROR;
				GCC_WARN_UNDECLARED_SELECTOR = YES;
				GCC_WARN_UNINITIALIZED_AUTOS = YES_AGGRESSIVE;
				GCC_WARN_UNUSED_FUNCTION = YES;
				GCC_WARN_UNUSED_VARIABLE = YES;
				IPHONEOS_DEPLOYMENT_TARGET = 15.4;
				MTL_ENABLE_DEBUG_INFO = INCLUDE_SOURCE;
				MTL_FAST_MATH = YES;
				ONLY_ACTIVE_ARCH = YES;
				SDKROOT = iphoneos;
				SWIFT_ACTIVE_COMPILATION_CONDITIONS = DEBUG;
				SWIFT_OPTIMIZATION_LEVEL = "-Onone";
			};
			name = Debug;
		};
		7B37A07627EB343F006CD03A /* Release */ = {
			isa = XCBuildConfiguration;
			buildSettings = {
				ALWAYS_SEARCH_USER_PATHS = NO;
				CLANG_ANALYZER_NONNULL = YES;
				CLANG_ANALYZER_NUMBER_OBJECT_CONVERSION = YES_AGGRESSIVE;
				CLANG_CXX_LANGUAGE_STANDARD = "gnu++17";
				CLANG_ENABLE_MODULES = YES;
				CLANG_ENABLE_OBJC_ARC = YES;
				CLANG_ENABLE_OBJC_WEAK = YES;
				CLANG_WARN_BLOCK_CAPTURE_AUTORELEASING = YES;
				CLANG_WARN_BOOL_CONVERSION = YES;
				CLANG_WARN_COMMA = YES;
				CLANG_WARN_CONSTANT_CONVERSION = YES;
				CLANG_WARN_DEPRECATED_OBJC_IMPLEMENTATIONS = YES;
				CLANG_WARN_DIRECT_OBJC_ISA_USAGE = YES_ERROR;
				CLANG_WARN_DOCUMENTATION_COMMENTS = YES;
				CLANG_WARN_EMPTY_BODY = YES;
				CLANG_WARN_ENUM_CONVERSION = YES;
				CLANG_WARN_INFINITE_RECURSION = YES;
				CLANG_WARN_INT_CONVERSION = YES;
				CLANG_WARN_NON_LITERAL_NULL_CONVERSION = YES;
				CLANG_WARN_OBJC_IMPLICIT_RETAIN_SELF = YES;
				CLANG_WARN_OBJC_LITERAL_CONVERSION = YES;
				CLANG_WARN_OBJC_ROOT_CLASS = YES_ERROR;
				CLANG_WARN_QUOTED_INCLUDE_IN_FRAMEWORK_HEADER = YES;
				CLANG_WARN_RANGE_LOOP_ANALYSIS = YES;
				CLANG_WARN_STRICT_PROTOTYPES = YES;
				CLANG_WARN_SUSPICIOUS_MOVE = YES;
				CLANG_WARN_UNGUARDED_AVAILABILITY = YES_AGGRESSIVE;
				CLANG_WARN_UNREACHABLE_CODE = YES;
				CLANG_WARN__DUPLICATE_METHOD_MATCH = YES;
				COPY_PHASE_STRIP = NO;
				DEBUG_INFORMATION_FORMAT = "dwarf-with-dsym";
				ENABLE_NS_ASSERTIONS = NO;
				ENABLE_STRICT_OBJC_MSGSEND = YES;
				GCC_C_LANGUAGE_STANDARD = gnu11;
				GCC_NO_COMMON_BLOCKS = YES;
				GCC_WARN_64_TO_32_BIT_CONVERSION = YES;
				GCC_WARN_ABOUT_RETURN_TYPE = YES_ERROR;
				GCC_WARN_UNDECLARED_SELECTOR = YES;
				GCC_WARN_UNINITIALIZED_AUTOS = YES_AGGRESSIVE;
				GCC_WARN_UNUSED_FUNCTION = YES;
				GCC_WARN_UNUSED_VARIABLE = YES;
				IPHONEOS_DEPLOYMENT_TARGET = 15.4;
				MTL_ENABLE_DEBUG_INFO = NO;
				MTL_FAST_MATH = YES;
				SDKROOT = iphoneos;
				SWIFT_COMPILATION_MODE = wholemodule;
				SWIFT_OPTIMIZATION_LEVEL = "-O";
				VALIDATE_PRODUCT = YES;
			};
			name = Release;
		};
		7B37A07827EB343F006CD03A /* Debug */ = {
			isa = XCBuildConfiguration;
			buildSettings = {
				ASSETCATALOG_COMPILER_APPICON_NAME = AppIcon;
				ASSETCATALOG_COMPILER_GLOBAL_ACCENT_COLOR_NAME = AccentColor;
				CODE_SIGN_STYLE = Automatic;
				CURRENT_PROJECT_VERSION = 1;
				DEVELOPMENT_ASSET_PATHS = "\"Recyclapp/Preview Content\"";
				DEVELOPMENT_TEAM = CX62TZ6PL6;
				ENABLE_PREVIEWS = YES;
				GENERATE_INFOPLIST_FILE = YES;
				INFOPLIST_KEY_NSCameraUsageDescription = "We need to get access to the camera";
				INFOPLIST_KEY_NSLocationWhenInUseUsageDescription = "We need to access your location";
				INFOPLIST_KEY_UIApplicationSceneManifest_Generation = YES;
				INFOPLIST_KEY_UIApplicationSupportsIndirectInputEvents = YES;
				INFOPLIST_KEY_UILaunchScreen_Generation = YES;
				INFOPLIST_KEY_UISupportedInterfaceOrientations = UIInterfaceOrientationPortrait;
				INFOPLIST_KEY_UISupportedInterfaceOrientations_iPad = "UIInterfaceOrientationPortrait UIInterfaceOrientationPortraitUpsideDown UIInterfaceOrientationLandscapeLeft UIInterfaceOrientationLandscapeRight";
				INFOPLIST_KEY_UISupportedInterfaceOrientations_iPhone = UIInterfaceOrientationPortrait;
				LD_RUNPATH_SEARCH_PATHS = (
					"$(inherited)",
					"@executable_path/Frameworks",
				);
				MARKETING_VERSION = 1.0;
				PRODUCT_BUNDLE_IDENTIFIER = com.gustave.Recyclapp;
				PRODUCT_NAME = "$(TARGET_NAME)";
				SWIFT_EMIT_LOC_STRINGS = YES;
				SWIFT_VERSION = 5.0;
				TARGETED_DEVICE_FAMILY = "1,2";
			};
			name = Debug;
		};
		7B37A07927EB343F006CD03A /* Release */ = {
			isa = XCBuildConfiguration;
			buildSettings = {
				ASSETCATALOG_COMPILER_APPICON_NAME = AppIcon;
				ASSETCATALOG_COMPILER_GLOBAL_ACCENT_COLOR_NAME = AccentColor;
				CODE_SIGN_STYLE = Automatic;
				CURRENT_PROJECT_VERSION = 1;
				DEVELOPMENT_ASSET_PATHS = "\"Recyclapp/Preview Content\"";
				DEVELOPMENT_TEAM = CX62TZ6PL6;
				ENABLE_PREVIEWS = YES;
				GENERATE_INFOPLIST_FILE = YES;
				INFOPLIST_KEY_NSCameraUsageDescription = "We need to get access to the camera";
				INFOPLIST_KEY_NSLocationWhenInUseUsageDescription = "We need to access your location";
				INFOPLIST_KEY_UIApplicationSceneManifest_Generation = YES;
				INFOPLIST_KEY_UIApplicationSupportsIndirectInputEvents = YES;
				INFOPLIST_KEY_UILaunchScreen_Generation = YES;
				INFOPLIST_KEY_UISupportedInterfaceOrientations = UIInterfaceOrientationPortrait;
				INFOPLIST_KEY_UISupportedInterfaceOrientations_iPad = "UIInterfaceOrientationPortrait UIInterfaceOrientationPortraitUpsideDown UIInterfaceOrientationLandscapeLeft UIInterfaceOrientationLandscapeRight";
				INFOPLIST_KEY_UISupportedInterfaceOrientations_iPhone = UIInterfaceOrientationPortrait;
				LD_RUNPATH_SEARCH_PATHS = (
					"$(inherited)",
					"@executable_path/Frameworks",
				);
				MARKETING_VERSION = 1.0;
				PRODUCT_BUNDLE_IDENTIFIER = com.gustave.Recyclapp;
				PRODUCT_NAME = "$(TARGET_NAME)";
				SWIFT_EMIT_LOC_STRINGS = YES;
				SWIFT_VERSION = 5.0;
				TARGETED_DEVICE_FAMILY = "1,2";
			};
			name = Release;
		};
/* End XCBuildConfiguration section */

/* Begin XCConfigurationList section */
		7B37A06427EB343E006CD03A /* Build configuration list for PBXProject "Recyclapp" */ = {
			isa = XCConfigurationList;
			buildConfigurations = (
				7B37A07527EB343F006CD03A /* Debug */,
				7B37A07627EB343F006CD03A /* Release */,
			);
			defaultConfigurationIsVisible = 0;
			defaultConfigurationName = Release;
		};
		7B37A07727EB343F006CD03A /* Build configuration list for PBXNativeTarget "Recyclapp" */ = {
			isa = XCConfigurationList;
			buildConfigurations = (
				7B37A07827EB343F006CD03A /* Debug */,
				7B37A07927EB343F006CD03A /* Release */,
			);
			defaultConfigurationIsVisible = 0;
			defaultConfigurationName = Release;
		};
/* End XCConfigurationList section */
	};
	rootObject = 7B37A06127EB343E006CD03A /* Project object */;
}
